
Microsoft Visual Studio Solution File, Format Version 12.00
# Visual Studio Version 16
VisualStudioVersion = 16.0.30011.22
MinimumVisualStudioVersion = 10.0.40219.1
Project("{F184B08F-C81C-45F6-A57F-5ABD9991F28F}") = "t329154VB", "t329154VB\t329154VB.vbproj", "{EDB4185E-C215-427A-A991-45C100C966A5}"
EndProject
Global
	GlobalSection(SolutionConfigurationPlatforms) = preSolution
		Debug|Any CPU = Debug|Any CPU
		Release|Any CPU = Release|Any CPU
	EndGlobalSection
	GlobalSection(ProjectConfigurationPlatforms) = postSolution
		{EDB4185E-C215-427A-A991-45C100C966A5}.Debug|Any CPU.ActiveCfg = Debug|Any CPU
		{EDB4185E-C215-427A-A991-45C100C966A5}.Debug|Any CPU.Build.0 = Debug|Any CPU
		{EDB4185E-C215-427A-A991-45C100C966A5}.Release|Any CPU.ActiveCfg = Release|Any CPU
		{EDB4185E-C215-427A-A991-45C100C966A5}.Release|Any CPU.Build.0 = Release|Any CPU
	EndGlobalSection
	GlobalSection(SolutionProperties) = preSolution
		HideSolutionNode = FALSE
	EndGlobalSection
	GlobalSection(ExtensibilityGlobals) = postSolution
		SolutionGuid = {2272B8CF-71E0-4251-9C12-B08E2E5CACFC}
	EndGlobalSection
EndGlobal
